
Microsoft Visual Studio Solution File, Format Version 12.00
# Visual Studio Version 16
VisualStudioVersion = 16.0.33130.400
MinimumVisualStudioVersion = 10.0.40219.1
Project("{FAE04EC0-301F-11D3-BF4B-00C04F79EFBC}") = "ConsoleApp1", "ConsoleApp1\ConsoleApp1.csproj", "{4A93FA8C-54EF-4E37-8B36-0DF175F337DA}"
EndProject
Global
	GlobalSection(SolutionConfigurationPlatforms) = preSolution
		Debug|Any CPU = Debug|Any CPU
		Release|Any CPU = Release|Any CPU
	EndGlobalSection
	GlobalSection(ProjectConfigurationPlatforms) = postSolution
		{4A93FA8C-54EF-4E37-8B36-0DF175F337DA}.Debug|Any CPU.ActiveCfg = Debug|Any CPU
		{4A93FA8C-54EF-4E37-8B36-0DF175F337DA}.Debug|Any CPU.Build.0 = Debug|Any CPU
		{4A93FA8C-54EF-4E37-8B36-0DF175F337DA}.Release|Any CPU.ActiveCfg = Release|Any CPU
		{4A93FA8C-54EF-4E37-8B36-0DF175F337DA}.Release|Any CPU.Build.0 = Release|Any CPU
	EndGlobalSection
	GlobalSection(SolutionProperties) = preSolution
		HideSolutionNode = FALSE
	EndGlobalSection
	GlobalSection(ExtensibilityGlobals) = postSolution
		SolutionGuid = {12E526FF-582E-4097-9877-716202AD6D6A}
	EndGlobalSection
EndGlobal
